// !$*UTF8*$!
{
	archiveVersion = 1;
	classes = {
	};
	objectVersion = 77;
	objects = {

/* Begin PBXBuildFile section */
		1B77BD392D63BA2E00F4D71B /* AppDelegate.swift in Sources */ = {isa = PBXBuildFile; fileRef = 1B77BD382D63BA2E00F4D71B /* AppDelegate.swift */; };
		1B77BD3B2D63BA2E00F4D71B /* SceneDelegate.swift in Sources */ = {isa = PBXBuildFile; fileRef = 1B77BD3A2D63BA2E00F4D71B /* SceneDelegate.swift */; };
		1B77BD3D2D63BA2E00F4D71B /* ViewController.swift in Sources */ = {isa = PBXBuildFile; fileRef = 1B77BD3C2D63BA2E00F4D71B /* ViewController.swift */; };
		1B77BD422D63BA2F00F4D71B /* Assets.xcassets in Resources */ = {isa = PBXBuildFile; fileRef = 1B77BD412D63BA2F00F4D71B /* Assets.xcassets */; };
		1B77BD452D63BA2F00F4D71B /* LaunchScreen.storyboard in Resources */ = {isa = PBXBuildFile; fileRef = 1B77BD432D63BA2F00F4D71B /* LaunchScreen.storyboard */; };
		1B79D4322D63C10200C59053 /* DataCell.swift in Sources */ = {isa = PBXBuildFile; fileRef = 1B79D4312D63C10200C59053 /* DataCell.swift */; };
/* End PBXBuildFile section */

/* Begin PBXFileReference section */
		1B77BD352D63BA2E00F4D71B /* ParentData.app */ = {isa = PBXFileReference; explicitFileType = wrapper.application; includeInIndex = 0; path = ParentData.app; sourceTree = BUILT_PRODUCTS_DIR; };
		1B77BD382D63BA2E00F4D71B /* AppDelegate.swift */ = {isa = PBXFileReference; lastKnownFileType = sourcecode.swift; path = AppDelegate.swift; sourceTree = "<group>"; };
		1B77BD3A2D63BA2E00F4D71B /* SceneDelegate.swift */ = {isa = PBXFileReference; lastKnownFileType = sourcecode.swift; path = SceneDelegate.swift; sourceTree = "<group>"; };
		1B77BD3C2D63BA2E00F4D71B /* ViewController.swift */ = {isa = PBXFileReference; lastKnownFileType = sourcecode.swift; path = ViewController.swift; sourceTree = "<group>"; };
		1B77BD412D63BA2F00F4D71B /* Assets.xcassets */ = {isa = PBXFileReference; lastKnownFileType = folder.assetcatalog; path = Assets.xcassets; sourceTree = "<group>"; };
		1B77BD442D63BA2F00F4D71B /* Base */ = {isa = PBXFileReference; lastKnownFileType = file.storyboard; name = Base; path = Base.lproj/LaunchScreen.storyboard; sourceTree = "<group>"; };
		1B77BD462D63BA2F00F4D71B /* Info.plist */ = {isa = PBXFileReference; lastKnownFileType = text.plist.xml; path = Info.plist; sourceTree = "<group>"; };
		1B79D4312D63C10200C59053 /* DataCell.swift */ = {isa = PBXFileReference; lastKnownFileType = sourcecode.swift; path = DataCell.swift; sourceTree = "<group>"; };
/* End PBXFileReference section */

/* Begin PBXFrameworksBuildPhase section */
		1B77BD322D63BA2E00F4D71B /* Frameworks */ = {
			isa = PBXFrameworksBuildPhase;
			buildActionMask = 2147483647;
			files = (
			);
			runOnlyForDeploymentPostprocessing = 0;
		};
/* End PBXFrameworksBuildPhase section */

/* Begin PBXGroup section */
		1B77BD2C2D63BA2E00F4D71B = {
			isa = PBXGroup;
			children = (
				1B77BD4E2D63BA7000F4D71B /* ParentData */,
				1B77BD362D63BA2E00F4D71B /* Products */,
			);
			sourceTree = "<group>";
		};
		1B77BD362D63BA2E00F4D71B /* Products */ = {
			isa = PBXGroup;
			children = (
				1B77BD352D63BA2E00F4D71B /* ParentData.app */,
			);
			name = Products;
			sourceTree = "<group>";
		};
		1B77BD4E2D63BA7000F4D71B /* ParentData */ = {
			isa = PBXGroup;
			children = (
				1B77BD4F2D63BA8500F4D71B /* AppDelegate */,
				1B77BD512D63BAB100F4D71B /* StartApp */,
				1B77BD502D63BAA400F4D71B /* MainApp */,
				1B77BD412D63BA2F00F4D71B /* Assets.xcassets */,
				1B77BD462D63BA2F00F4D71B /* Info.plist */,
			);
			path = ParentData;
			sourceTree = "<group>";
		};
		1B77BD4F2D63BA8500F4D71B /* AppDelegate */ = {
			isa = PBXGroup;
			children = (
				1B77BD382D63BA2E00F4D71B /* AppDelegate.swift */,
				1B77BD3A2D63BA2E00F4D71B /* SceneDelegate.swift */,
			);
			path = AppDelegate;
			sourceTree = "<group>";
		};
		1B77BD502D63BAA400F4D71B /* MainApp */ = {
			isa = PBXGroup;
			children = (
				1B79D4302D63C0E500C59053 /* Cell */,
				1B77BD3C2D63BA2E00F4D71B /* ViewController.swift */,
			);
			path = MainApp;
			sourceTree = "<group>";
		};
		1B77BD512D63BAB100F4D71B /* StartApp */ = {
			isa = PBXGroup;
			children = (
				1B77BD432D63BA2F00F4D71B /* LaunchScreen.storyboard */,
			);
			path = StartApp;
			sourceTree = "<group>";
		};
		1B79D4302D63C0E500C59053 /* Cell */ = {
			isa = PBXGroup;
			children = (
				1B79D4312D63C10200C59053 /* DataCell.swift */,
			);
			path = Cell;
			sourceTree = "<group>";
		};
/* End PBXGroup section */

/* Begin PBXNativeTarget section */
		1B77BD342D63BA2E00F4D71B /* ParentData */ = {
			isa = PBXNativeTarget;
			buildConfigurationList = 1B77BD482D63BA2F00F4D71B /* Build configuration list for PBXNativeTarget "ParentData" */;
			buildPhases = (
				1B77BD312D63BA2E00F4D71B /* Sources */,
				1B77BD322D63BA2E00F4D71B /* Frameworks */,
				1B77BD332D63BA2E00F4D71B /* Resources */,
			);
			buildRules = (
			);
			dependencies = (
			);
			name = ParentData;
			packageProductDependencies = (
			);
			productName = ParentData;
			productReference = 1B77BD352D63BA2E00F4D71B /* ParentData.app */;
			productType = "com.apple.product-type.application";
		};
/* End PBXNativeTarget section */

/* Begin PBXProject section */
		1B77BD2D2D63BA2E00F4D71B /* Project object */ = {
			isa = PBXProject;
			attributes = {
				BuildIndependentTargetsInParallel = 1;
				LastSwiftUpdateCheck = 1610;
				LastUpgradeCheck = 1610;
				TargetAttributes = {
					1B77BD342D63BA2E00F4D71B = {
						CreatedOnToolsVersion = 16.1;
					};
				};
			};
			buildConfigurationList = 1B77BD302D63BA2E00F4D71B /* Build configuration list for PBXProject "ParentData" */;
			developmentRegion = en;
			hasScannedForEncodings = 0;
			knownRegions = (
				en,
				Base,
			);
			mainGroup = 1B77BD2C2D63BA2E00F4D71B;
			minimizedProjectReferenceProxies = 1;
			preferredProjectObjectVersion = 77;
			productRefGroup = 1B77BD362D63BA2E00F4D71B /* Products */;
			projectDirPath = "";
			projectRoot = "";
			targets = (
				1B77BD342D63BA2E00F4D71B /* ParentData */,
			);
		};
/* End PBXProject section */

/* Begin PBXResourcesBuildPhase section */
		1B77BD332D63BA2E00F4D71B /* Resources */ = {
			isa = PBXResourcesBuildPhase;
			buildActionMask = 2147483647;
			files = (
				1B77BD452D63BA2F00F4D71B /* LaunchScreen.storyboard in Resources */,
				1B77BD422D63BA2F00F4D71B /* Assets.xcassets in Resources */,
			);
			runOnlyForDeploymentPostprocessing = 0;
		};
/* End PBXResourcesBuildPhase section */

/* Begin PBXSourcesBuildPhase section */
		1B77BD312D63BA2E00F4D71B /* Sources */ = {
			isa = PBXSourcesBuildPhase;
			buildActionMask = 2147483647;
			files = (
				1B77BD3D2D63BA2E00F4D71B /* ViewController.swift in Sources */,
				1B77BD392D63BA2E00F4D71B /* AppDelegate.swift in Sources */,
				1B77BD3B2D63BA2E00F4D71B /* SceneDelegate.swift in Sources */,
				1B79D4322D63C10200C59053 /* DataCell.swift in Sources */,
			);
			runOnlyForDeploymentPostprocessing = 0;
		};
/* End PBXSourcesBuildPhase section */

/* Begin PBXVariantGroup section */
		1B77BD432D63BA2F00F4D71B /* LaunchScreen.storyboard */ = {
			isa = PBXVariantGroup;
			children = (
				1B77BD442D63BA2F00F4D71B /* Base */,
			);
			name = LaunchScreen.storyboard;
			sourceTree = "<group>";
		};
/* End PBXVariantGroup section */

/* Begin XCBuildConfiguration section */
		1B77BD492D63BA2F00F4D71B /* Debug */ = {
			isa = XCBuildConfiguration;
			buildSettings = {
				ASSETCATALOG_COMPILER_APPICON_NAME = AppIcon;
				ASSETCATALOG_COMPILER_GLOBAL_ACCENT_COLOR_NAME = AccentColor;
				CODE_SIGN_STYLE = Automatic;
				CURRENT_PROJECT_VERSION = 1;
				DEVELOPMENT_TEAM = YX6DWV484Z;
				GENERATE_INFOPLIST_FILE = YES;
				INFOPLIST_FILE = ParentData/Info.plist;
				INFOPLIST_KEY_UIApplicationSupportsIndirectInputEvents = YES;
				INFOPLIST_KEY_UILaunchStoryboardName = LaunchScreen;
				INFOPLIST_KEY_UISupportedInterfaceOrientations = UIInterfaceOrientationPortrait;
				IPHONEOS_DEPLOYMENT_TARGET = 16.0;
				LD_RUNPATH_SEARCH_PATHS = (
					"$(inherited)",
					"@executable_path/Frameworks",
				);
				MARKETING_VERSION = 1.0;
				PRODUCT_BUNDLE_IDENTIFIER = Personal.ParentData;
				PRODUCT_NAME = "$(TARGET_NAME)";
				SUPPORTED_PLATFORMS = "iphoneos iphonesimulator";
				SUPPORTS_MACCATALYST = NO;
				SUPPORTS_XR_DESIGNED_FOR_IPHONE_IPAD = NO;
				SWIFT_EMIT_LOC_STRINGS = YES;
				SWIFT_VERSION = 5.0;
				TARGETED_DEVICE_FAMILY = "1,2";
			};
			name = Debug;
		};
		1B77BD4A2D63BA2F00F4D71B /* Release */ = {
			isa = XCBuildConfiguration;
			buildSettings = {
				ASSETCATALOG_COMPILER_APPICON_NAME = AppIcon;
				ASSETCATALOG_COMPILER_GLOBAL_ACCENT_COLOR_NAME = AccentColor;
				CODE_SIGN_STYLE = Automatic;
				CURRENT_PROJECT_VERSION = 1;
				DEVELOPMENT_TEAM = YX6DWV484Z;
				GENERATE_INFOPLIST_FILE = YES;
				INFOPLIST_FILE = ParentData/Info.plist;
				INFOPLIST_KEY_UIApplicationSupportsIndirectInputEvents = YES;
				INFOPLIST_KEY_UILaunchStoryboardName = LaunchScreen;
				INFOPLIST_KEY_UISupportedInterfaceOrientations = UIInterfaceOrientationPortrait;
				IPHONEOS_DEPLOYMENT_TARGET = 16.0;
				LD_RUNPATH_SEARCH_PATHS = (
					"$(inherited)",
					"@executable_path/Frameworks",
				);
				MARKETING_VERSION = 1.0;
				PRODUCT_BUNDLE_IDENTIFIER = Personal.ParentData;
				PRODUCT_NAME = "$(TARGET_NAME)";
				SUPPORTED_PLATFORMS = "iphoneos iphonesimulator";
				SUPPORTS_MACCATALYST = NO;
				SUPPORTS_XR_DESIGNED_FOR_IPHONE_IPAD = NO;
				SWIFT_EMIT_LOC_STRINGS = YES;
				SWIFT_VERSION = 5.0;
				TARGETED_DEVICE_FAMILY = "1,2";
			};
			name = Release;
		};
		1B77BD4B2D63BA2F00F4D71B /* Debug */ = {
			isa = XCBuildConfiguration;
			buildSettings = {
				ALWAYS_SEARCH_USER_PATHS = NO;
				ASSETCATALOG_COMPILER_GENERATE_SWIFT_ASSET_SYMBOL_EXTENSIONS = YES;
				CLANG_ANALYZER_NONNULL = YES;
				CLANG_ANALYZER_NUMBER_OBJECT_CONVERSION = YES_AGGRESSIVE;
				CLANG_CXX_LANGUAGE_STANDARD = "gnu++20";
				CLANG_ENABLE_MODULES = YES;
				CLANG_ENABLE_OBJC_ARC = YES;
				CLANG_ENABLE_OBJC_WEAK = YES;
				CLANG_WARN_BLOCK_CAPTURE_AUTORELEASING = YES;
				CLANG_WARN_BOOL_CONVERSION = YES;
				CLANG_WARN_COMMA = YES;
				CLANG_WARN_CONSTANT_CONVERSION = YES;
				CLANG_WARN_DEPRECATED_OBJC_IMPLEMENTATIONS = YES;
				CLANG_WARN_DIRECT_OBJC_ISA_USAGE = YES_ERROR;
				CLANG_WARN_DOCUMENTATION_COMMENTS = YES;
				CLANG_WARN_EMPTY_BODY = YES;
				CLANG_WARN_ENUM_CONVERSION = YES;
				CLANG_WARN_INFINITE_RECURSION = YES;
				CLANG_WARN_INT_CONVERSION = YES;
				CLANG_WARN_NON_LITERAL_NULL_CONVERSION = YES;
				CLANG_WARN_OBJC_IMPLICIT_RETAIN_SELF = YES;
				CLANG_WARN_OBJC_LITERAL_CONVERSION = YES;
				CLANG_WARN_OBJC_ROOT_CLASS = YES_ERROR;
				CLANG_WARN_QUOTED_INCLUDE_IN_FRAMEWORK_HEADER = YES;
				CLANG_WARN_RANGE_LOOP_ANALYSIS = YES;
				CLANG_WARN_STRICT_PROTOTYPES = YES;
				CLANG_WARN_SUSPICIOUS_MOVE = YES;
				CLANG_WARN_UNGUARDED_AVAILABILITY = YES_AGGRESSIVE;
				CLANG_WARN_UNREACHABLE_CODE = YES;
				CLANG_WARN__DUPLICATE_METHOD_MATCH = YES;
				COPY_PHASE_STRIP = NO;
				DEBUG_INFORMATION_FORMAT = dwarf;
				ENABLE_STRICT_OBJC_MSGSEND = YES;
				ENABLE_TESTABILITY = YES;
				ENABLE_USER_SCRIPT_SANDBOXING = YES;
				GCC_C_LANGUAGE_STANDARD = gnu17;
				GCC_DYNAMIC_NO_PIC = NO;
				GCC_NO_COMMON_BLOCKS = YES;
				GCC_OPTIMIZATION_LEVEL = 0;
				GCC_PREPROCESSOR_DEFINITIONS = (
					"DEBUG=1",
					"$(inherited)",
				);
				GCC_WARN_64_TO_32_BIT_CONVERSION = YES;
				GCC_WARN_ABOUT_RETURN_TYPE = YES_ERROR;
				GCC_WARN_UNDECLARED_SELECTOR = YES;
				GCC_WARN_UNINITIALIZED_AUTOS = YES_AGGRESSIVE;
				GCC_WARN_UNUSED_FUNCTION = YES;
				GCC_WARN_UNUSED_VARIABLE = YES;
				IPHONEOS_DEPLOYMENT_TARGET = 18.1;
				LOCALIZATION_PREFERS_STRING_CATALOGS = YES;
				MTL_ENABLE_DEBUG_INFO = INCLUDE_SOURCE;
				MTL_FAST_MATH = YES;
				ONLY_ACTIVE_ARCH = YES;
				SDKROOT = iphoneos;
				SWIFT_ACTIVE_COMPILATION_CONDITIONS = "DEBUG $(inherited)";
				SWIFT_OPTIMIZATION_LEVEL = "-Onone";
			};
			name = Debug;
		};
		1B77BD4C2D63BA2F00F4D71B /* Release */ = {
			isa = XCBuildConfiguration;
			buildSettings = {
				ALWAYS_SEARCH_USER_PATHS = NO;
				ASSETCATALOG_COMPILER_GENERATE_SWIFT_ASSET_SYMBOL_EXTENSIONS = YES;
				CLANG_ANALYZER_NONNULL = YES;
				CLANG_ANALYZER_NUMBER_OBJECT_CONVERSION = YES_AGGRESSIVE;
				CLANG_CXX_LANGUAGE_STANDARD = "gnu++20";
				CLANG_ENABLE_MODULES = YES;
				CLANG_ENABLE_OBJC_ARC = YES;
				CLANG_ENABLE_OBJC_WEAK = YES;
				CLANG_WARN_BLOCK_CAPTURE_AUTORELEASING = YES;
				CLANG_WARN_BOOL_CONVERSION = YES;
				CLANG_WARN_COMMA = YES;
				CLANG_WARN_CONSTANT_CONVERSION = YES;
				CLANG_WARN_DEPRECATED_OBJC_IMPLEMENTATIONS = YES;
				CLANG_WARN_DIRECT_OBJC_ISA_USAGE = YES_ERROR;
				CLANG_WARN_DOCUMENTATION_COMMENTS = YES;
				CLANG_WARN_EMPTY_BODY = YES;
				CLANG_WARN_ENUM_CONVERSION = YES;
				CLANG_WARN_INFINITE_RECURSION = YES;
				CLANG_WARN_INT_CONVERSION = YES;
				CLANG_WARN_NON_LITERAL_NULL_CONVERSION = YES;
				CLANG_WARN_OBJC_IMPLICIT_RETAIN_SELF = YES;
				CLANG_WARN_OBJC_LITERAL_CONVERSION = YES;
				CLANG_WARN_OBJC_ROOT_CLASS = YES_ERROR;
				CLANG_WARN_QUOTED_INCLUDE_IN_FRAMEWORK_HEADER = YES;
				CLANG_WARN_RANGE_LOOP_ANALYSIS = YES;
				CLANG_WARN_STRICT_PROTOTYPES = YES;
				CLANG_WARN_SUSPICIOUS_MOVE = YES;
				CLANG_WARN_UNGUARDED_AVAILABILITY = YES_AGGRESSIVE;
				CLANG_WARN_UNREACHABLE_CODE = YES;
				CLANG_WARN__DUPLICATE_METHOD_MATCH = YES;
				COPY_PHASE_STRIP = NO;
				DEBUG_INFORMATION_FORMAT = "dwarf-with-dsym";
				ENABLE_NS_ASSERTIONS = NO;
				ENABLE_STRICT_OBJC_MSGSEND = YES;
				ENABLE_USER_SCRIPT_SANDBOXING = YES;
				GCC_C_LANGUAGE_STANDARD = gnu17;
				GCC_NO_COMMON_BLOCKS = YES;
				GCC_WARN_64_TO_32_BIT_CONVERSION = YES;
				GCC_WARN_ABOUT_RETURN_TYPE = YES_ERROR;
				GCC_WARN_UNDECLARED_SELECTOR = YES;
				GCC_WARN_UNINITIALIZED_AUTOS = YES_AGGRESSIVE;
				GCC_WARN_UNUSED_FUNCTION = YES;
				GCC_WARN_UNUSED_VARIABLE = YES;
				IPHONEOS_DEPLOYMENT_TARGET = 18.1;
				LOCALIZATION_PREFERS_STRING_CATALOGS = YES;
				MTL_ENABLE_DEBUG_INFO = NO;
				MTL_FAST_MATH = YES;
				SDKROOT = iphoneos;
				SWIFT_COMPILATION_MODE = wholemodule;
				VALIDATE_PRODUCT = YES;
			};
			name = Release;
		};
/* End XCBuildConfiguration section */

/* Begin XCConfigurationList section */
		1B77BD302D63BA2E00F4D71B /* Build configuration list for PBXProject "ParentData" */ = {
			isa = XCConfigurationList;
			buildConfigurations = (
				1B77BD4B2D63BA2F00F4D71B /* Debug */,
				1B77BD4C2D63BA2F00F4D71B /* Release */,
			);
			defaultConfigurationIsVisible = 0;
			defaultConfigurationName = Release;
		};
		1B77BD482D63BA2F00F4D71B /* Build configuration list for PBXNativeTarget "ParentData" */ = {
			isa = XCConfigurationList;
			buildConfigurations = (
				1B77BD492D63BA2F00F4D71B /* Debug */,
				1B77BD4A2D63BA2F00F4D71B /* Release */,
			);
			defaultConfigurationIsVisible = 0;
			defaultConfigurationName = Release;
		};
/* End XCConfigurationList section */
	};
	rootObject = 1B77BD2D2D63BA2E00F4D71B /* Project object */;
}
